
Microsoft Visual Studio Solution File, Format Version 12.00
# Visual Studio Version 17
VisualStudioVersion = 17.14.36518.9 d17.14
MinimumVisualStudioVersion = 10.0.40219.1
Project("{FAE04EC0-301F-11D3-BF4B-00C04F79EFBC}") = "Sultana.Shared", "Sultana.SHARED\Sultana.Shared.csproj", "{03B84A1E-DB11-4856-90E8-49A1CDF87BD0}"
EndProject
Project("{FAE04EC0-301F-11D3-BF4B-00C04F79EFBC}") = "Sultana.API", "Sultana.API\Sultana.API.csproj", "{6D3AB933-5AFF-41EB-B104-751CCED20509}"
EndProject
Project("{FAE04EC0-301F-11D3-BF4B-00C04F79EFBC}") = "Sultana.WEB", "Sultana.WEB\Sultana.WEB.csproj", "{1C268BE5-5BF4-40C2-8540-2858F016C592}"
EndProject
Global
	GlobalSection(SolutionConfigurationPlatforms) = preSolution
		Debug|Any CPU = Debug|Any CPU
		Release|Any CPU = Release|Any CPU
	EndGlobalSection
	GlobalSection(ProjectConfigurationPlatforms) = postSolution
		{03B84A1E-DB11-4856-90E8-49A1CDF87BD0}.Debug|Any CPU.ActiveCfg = Debug|Any CPU
		{03B84A1E-DB11-4856-90E8-49A1CDF87BD0}.Debug|Any CPU.Build.0 = Debug|Any CPU
		{03B84A1E-DB11-4856-90E8-49A1CDF87BD0}.Release|Any CPU.ActiveCfg = Release|Any CPU
		{03B84A1E-DB11-4856-90E8-49A1CDF87BD0}.Release|Any CPU.Build.0 = Release|Any CPU
		{6D3AB933-5AFF-41EB-B104-751CCED20509}.Debug|Any CPU.ActiveCfg = Debug|Any CPU
		{6D3AB933-5AFF-41EB-B104-751CCED20509}.Debug|Any CPU.Build.0 = Debug|Any CPU
		{6D3AB933-5AFF-41EB-B104-751CCED20509}.Release|Any CPU.ActiveCfg = Release|Any CPU
		{6D3AB933-5AFF-41EB-B104-751CCED20509}.Release|Any CPU.Build.0 = Release|Any CPU
		{1C268BE5-5BF4-40C2-8540-2858F016C592}.Debug|Any CPU.ActiveCfg = Debug|Any CPU
		{1C268BE5-5BF4-40C2-8540-2858F016C592}.Debug|Any CPU.Build.0 = Debug|Any CPU
		{1C268BE5-5BF4-40C2-8540-2858F016C592}.Release|Any CPU.ActiveCfg = Release|Any CPU
		{1C268BE5-5BF4-40C2-8540-2858F016C592}.Release|Any CPU.Build.0 = Release|Any CPU
	EndGlobalSection
	GlobalSection(SolutionProperties) = preSolution
		HideSolutionNode = FALSE
	EndGlobalSection
	GlobalSection(ExtensibilityGlobals) = postSolution
		SolutionGuid = {8ABAEDD0-69A8-4557-A09C-28355B5101D1}
	EndGlobalSection
EndGlobal
