
Microsoft Visual Studio Solution File, Format Version 12.00
# Visual Studio Version 17
VisualStudioVersion = 17.14.36518.9
MinimumVisualStudioVersion = 10.0.40219.1
Project("{FAE04EC0-301F-11D3-BF4B-00C04F79EFBC}") = "Sultana.API", "Sultana.API\Sultana.API.csproj", "{6D3AB933-5AFF-41EB-B104-751CCED20509}"
	ProjectSection(ProjectDependencies) = postProject
		{1C268BE5-5BF4-40C2-8540-2858F016C592} = {1C268BE5-5BF4-40C2-8540-2858F016C592}
	EndProjectSection
EndProject
Project("{FAE04EC0-301F-11D3-BF4B-00C04F79EFBC}") = "Sultana.WEB", "Sultana.WEB\Sultana.WEB.csproj", "{1C268BE5-5BF4-40C2-8540-2858F016C592}"
EndProject
Project("{FAE04EC0-301F-11D3-BF4B-00C04F79EFBC}") = "Sultana.Shared", "Sultana.Shared\Sultana.Shared.csproj", "{BD5DC449-45B7-4410-8542-EAA212E61965}"
EndProject
Global
	GlobalSection(SolutionConfigurationPlatforms) = preSolution
		Debug|Any CPU = Debug|Any CPU
		Release|Any CPU = Release|Any CPU
	EndGlobalSection
	GlobalSection(ProjectConfigurationPlatforms) = postSolution
		{6D3AB933-5AFF-41EB-B104-751CCED20509}.Debug|Any CPU.ActiveCfg = Debug|Any CPU
		{6D3AB933-5AFF-41EB-B104-751CCED20509}.Debug|Any CPU.Build.0 = Debug|Any CPU
		{6D3AB933-5AFF-41EB-B104-751CCED20509}.Release|Any CPU.ActiveCfg = Release|Any CPU
		{6D3AB933-5AFF-41EB-B104-751CCED20509}.Release|Any CPU.Build.0 = Release|Any CPU
		{1C268BE5-5BF4-40C2-8540-2858F016C592}.Debug|Any CPU.ActiveCfg = Debug|Any CPU
		{1C268BE5-5BF4-40C2-8540-2858F016C592}.Debug|Any CPU.Build.0 = Debug|Any CPU
		{1C268BE5-5BF4-40C2-8540-2858F016C592}.Release|Any CPU.ActiveCfg = Release|Any CPU
		{1C268BE5-5BF4-40C2-8540-2858F016C592}.Release|Any CPU.Build.0 = Release|Any CPU
		{BD5DC449-45B7-4410-8542-EAA212E61965}.Debug|Any CPU.ActiveCfg = Debug|Any CPU
		{BD5DC449-45B7-4410-8542-EAA212E61965}.Debug|Any CPU.Build.0 = Debug|Any CPU
		{BD5DC449-45B7-4410-8542-EAA212E61965}.Release|Any CPU.ActiveCfg = Release|Any CPU
		{BD5DC449-45B7-4410-8542-EAA212E61965}.Release|Any CPU.Build.0 = Release|Any CPU
	EndGlobalSection
	GlobalSection(SolutionProperties) = preSolution
		HideSolutionNode = FALSE
	EndGlobalSection
	GlobalSection(ExtensibilityGlobals) = postSolution
		SolutionGuid = {8ABAEDD0-69A8-4557-A09C-28355B5101D1}
	EndGlobalSection
EndGlobal
